
Microsoft Visual Studio Solution File, Format Version 12.00
# Visual Studio 2012
Project("{FAE04EC0-301F-11D3-BF4B-00C04F79EFBC}") = "DBfinalproject", "DBfinalproject\DBfinalproject.csproj", "{7F02DC73-58BC-4265-96F9-EE95BE9097CD}"
EndProject
Global
	GlobalSection(SolutionConfigurationPlatforms) = preSolution
		Debug|Any CPU = Debug|Any CPU
		Release|Any CPU = Release|Any CPU
	EndGlobalSection
	GlobalSection(ProjectConfigurationPlatforms) = postSolution
		{7F02DC73-58BC-4265-96F9-EE95BE9097CD}.Debug|Any CPU.ActiveCfg = Debug|Any CPU
		{7F02DC73-58BC-4265-96F9-EE95BE9097CD}.Debug|Any CPU.Build.0 = Debug|Any CPU
		{7F02DC73-58BC-4265-96F9-EE95BE9097CD}.Release|Any CPU.ActiveCfg = Release|Any CPU
		{7F02DC73-58BC-4265-96F9-EE95BE9097CD}.Release|Any CPU.Build.0 = Release|Any CPU
	EndGlobalSection
	GlobalSection(SolutionProperties) = preSolution
		HideSolutionNode = FALSE
	EndGlobalSection
	GlobalSection(ExtensibilityGlobals) = postSolution
		SolutionGuid = {37F4DB1C-B772-4BC2-A166-B6BB2DF29094}
	EndGlobalSection
EndGlobal
